{
  "requires": true,
  "lockfileVersion": 1,
  "dependencies": {
    "jquery": {
      "version": "3.6.0",
      "resolved": "https://registry.npmjs.org/jquery/-/jquery-3.6.0.tgz",
      "integrity": "sha512-JVzAR/AjBvVt2BmYhxRCSYysDsPcssdmTFnzyLEts9qNwmjmu4JTAMYubEfwVOSwpQ1I1sKKFcxhZCI2buerfw=="
    },
    "jquery-bracket": {
      "version": "0.11.1",
      "resolved": "https://registry.npmjs.org/jquery-bracket/-/jquery-bracket-0.11.1.tgz",
      "integrity": "sha512-I3kE5FuUAJAU+h3ccipVO+AUpM1p0ilQAOfSk51Ja2RLDslVMuRVctYOsuANTAxQmEgvzdqSNVRXcIA0Ve1plQ=="
    }
  }
}
